
Microsoft Visual Studio Solution File, Format Version 10.00
# Visual Studio 2008
Project("{8BC9CEB8-8B4A-11D0-8D11-00A0C91BC942}") = "mosh", "mosh.vcproj", "{D81936BB-D671-45ED-A4F5-B673924730F7}"
EndProject
Global
	GlobalSection(SolutionConfigurationPlatforms) = preSolution
		Debug|Win32 = Debug|Win32
		Release|Win32 = Release|Win32
		ReleaseT|Win32 = ReleaseT|Win32
	EndGlobalSection
	GlobalSection(ProjectConfigurationPlatforms) = postSolution
		{D81936BB-D671-45ED-A4F5-B673924730F7}.Debug|Win32.ActiveCfg = Debug|Win32
		{D81936BB-D671-45ED-A4F5-B673924730F7}.Debug|Win32.Build.0 = Debug|Win32
		{D81936BB-D671-45ED-A4F5-B673924730F7}.Release|Win32.ActiveCfg = Release|Win32
		{D81936BB-D671-45ED-A4F5-B673924730F7}.Release|Win32.Build.0 = Release|Win32
		{D81936BB-D671-45ED-A4F5-B673924730F7}.ReleaseT|Win32.ActiveCfg = ReleaseT|Win32
		{D81936BB-D671-45ED-A4F5-B673924730F7}.ReleaseT|Win32.Build.0 = ReleaseT|Win32
	EndGlobalSection
	GlobalSection(SolutionProperties) = preSolution
		HideSolutionNode = FALSE
	EndGlobalSection
EndGlobal
