
Microsoft Visual Studio Solution File, Format Version 10.00
# Visual Studio 2008
Project("{8BC9CEB8-8B4A-11D0-8D11-00A0C91BC942}") = "libmosh", "mosh.vcproj", "{D81936BB-D671-45ED-A4F5-B673924730F7}"
	ProjectSection(ProjectDependencies) = postProject
		{8A2E028B-6E13-4E8A-B0F5-9A58C30BFB11} = {8A2E028B-6E13-4E8A-B0F5-9A58C30BFB11}
		{277CD59E-4109-4D5F-AF64-6E37FFBC442E} = {277CD59E-4109-4D5F-AF64-6E37FFBC442E}
		{B49639EA-4A66-4DFC-B48D-00A3D4D0F2A8} = {B49639EA-4A66-4DFC-B48D-00A3D4D0F2A8}
	EndProjectSection
EndProject
Project("{8BC9CEB8-8B4A-11D0-8D11-00A0C91BC942}") = "lib_mpir_p3", "win\mpir\build.vc9\lib_mpir_p3\lib_mpir_p3.vcproj", "{8A2E028B-6E13-4E8A-B0F5-9A58C30BFB11}"
	ProjectSection(ProjectDependencies) = postProject
		{EAFA3E0D-5B34-43A3-A08A-B5E3839BF66A} = {EAFA3E0D-5B34-43A3-A08A-B5E3839BF66A}
		{0412953E-06CE-4A60-9DCD-CA5CAC3A46CC} = {0412953E-06CE-4A60-9DCD-CA5CAC3A46CC}
		{001E0D42-4AF4-44B8-A8B2-3CD46D537DBE} = {001E0D42-4AF4-44B8-A8B2-3CD46D537DBE}
		{2297FA81-6D9D-4DC3-BA42-04E93F397047} = {2297FA81-6D9D-4DC3-BA42-04E93F397047}
		{D3C6D6B7-CD38-4D49-9BA7-1FBB35F77223} = {D3C6D6B7-CD38-4D49-9BA7-1FBB35F77223}
	EndProjectSection
EndProject
Project("{8BC9CEB8-8B4A-11D0-8D11-00A0C91BC942}") = "onig", "win\onig\onig.vcproj", "{B49639EA-4A66-4DFC-B48D-00A3D4D0F2A8}"
EndProject
Project("{8BC9CEB8-8B4A-11D0-8D11-00A0C91BC942}") = "gc", "win\gc\gc.vcproj", "{277CD59E-4109-4D5F-AF64-6E37FFBC442E}"
EndProject
Project("{8BC9CEB8-8B4A-11D0-8D11-00A0C91BC942}") = "psyntax-mosh", "win\psyntax-mosh\psyntax-mosh.vcproj", "{032C2FF5-C09A-4CBA-9A49-518D291E7E02}"
	ProjectSection(ProjectDependencies) = postProject
		{D81936BB-D671-45ED-A4F5-B673924730F7} = {D81936BB-D671-45ED-A4F5-B673924730F7}
	EndProjectSection
EndProject
Project("{8BC9CEB8-8B4A-11D0-8D11-00A0C91BC942}") = "nmosh", "win\nmosh\nmosh.vcproj", "{8F896639-AAEE-4533-B5BD-4C44E1C4A6C7}"
	ProjectSection(ProjectDependencies) = postProject
		{D81936BB-D671-45ED-A4F5-B673924730F7} = {D81936BB-D671-45ED-A4F5-B673924730F7}
	EndProjectSection
EndProject
Project("{2150E333-8FDC-42A3-9474-1A3956D46DE8}") = "lib", "lib", "{D3E5925D-0622-4133-A0F3-83B21EE94D22}"
EndProject
Project("{8BC9CEB8-8B4A-11D0-8D11-00A0C91BC942}") = "gen-psqr", "win\mpir\build.vc9\gen-psqr\gen-psqr.vcproj", "{0412953E-06CE-4A60-9DCD-CA5CAC3A46CC}"
	ProjectSection(ProjectDependencies) = postProject
		{EAFA3E0D-5B34-43A3-A08A-B5E3839BF66A} = {EAFA3E0D-5B34-43A3-A08A-B5E3839BF66A}
	EndProjectSection
EndProject
Project("{8BC9CEB8-8B4A-11D0-8D11-00A0C91BC942}") = "gen-mpir", "win\mpir\build.vc9\gen-mpir\gen-mpir.vcproj", "{EAFA3E0D-5B34-43A3-A08A-B5E3839BF66A}"
EndProject
Project("{8BC9CEB8-8B4A-11D0-8D11-00A0C91BC942}") = "gen-fib", "win\mpir\build.vc9\gen-fib\gen-fib.vcproj", "{D3C6D6B7-CD38-4D49-9BA7-1FBB35F77223}"
	ProjectSection(ProjectDependencies) = postProject
		{EAFA3E0D-5B34-43A3-A08A-B5E3839BF66A} = {EAFA3E0D-5B34-43A3-A08A-B5E3839BF66A}
	EndProjectSection
EndProject
Project("{8BC9CEB8-8B4A-11D0-8D11-00A0C91BC942}") = "gen-fac_ui", "win\mpir\build.vc9\gen-fac_ui\gen-fac_ui.vcproj", "{001E0D42-4AF4-44B8-A8B2-3CD46D537DBE}"
	ProjectSection(ProjectDependencies) = postProject
		{EAFA3E0D-5B34-43A3-A08A-B5E3839BF66A} = {EAFA3E0D-5B34-43A3-A08A-B5E3839BF66A}
	EndProjectSection
EndProject
Project("{8BC9CEB8-8B4A-11D0-8D11-00A0C91BC942}") = "gen-bases", "win\mpir\build.vc9\gen-bases\gen-bases.vcproj", "{2297FA81-6D9D-4DC3-BA42-04E93F397047}"
	ProjectSection(ProjectDependencies) = postProject
		{EAFA3E0D-5B34-43A3-A08A-B5E3839BF66A} = {EAFA3E0D-5B34-43A3-A08A-B5E3839BF66A}
	EndProjectSection
EndProject
Project("{2150E333-8FDC-42A3-9474-1A3956D46DE8}") = "mpir(pen3)", "mpir(pen3)", "{2427E9A6-A083-4280-A48D-270F68E12D27}"
EndProject
Global
	GlobalSection(SolutionConfigurationPlatforms) = preSolution
		Debug|Win32 = Debug|Win32
		Release|Win32 = Release|Win32
		ReleaseT|Win32 = ReleaseT|Win32
	EndGlobalSection
	GlobalSection(ProjectConfigurationPlatforms) = postSolution
		{D81936BB-D671-45ED-A4F5-B673924730F7}.Debug|Win32.ActiveCfg = Debug|Win32
		{D81936BB-D671-45ED-A4F5-B673924730F7}.Debug|Win32.Build.0 = Debug|Win32
		{D81936BB-D671-45ED-A4F5-B673924730F7}.Release|Win32.ActiveCfg = Release|Win32
		{D81936BB-D671-45ED-A4F5-B673924730F7}.Release|Win32.Build.0 = Release|Win32
		{D81936BB-D671-45ED-A4F5-B673924730F7}.ReleaseT|Win32.ActiveCfg = Release|Win32
		{D81936BB-D671-45ED-A4F5-B673924730F7}.ReleaseT|Win32.Build.0 = Release|Win32
		{8A2E028B-6E13-4E8A-B0F5-9A58C30BFB11}.Debug|Win32.ActiveCfg = Debug|Win32
		{8A2E028B-6E13-4E8A-B0F5-9A58C30BFB11}.Debug|Win32.Build.0 = Debug|Win32
		{8A2E028B-6E13-4E8A-B0F5-9A58C30BFB11}.Release|Win32.ActiveCfg = Release|Win32
		{8A2E028B-6E13-4E8A-B0F5-9A58C30BFB11}.Release|Win32.Build.0 = Release|Win32
		{8A2E028B-6E13-4E8A-B0F5-9A58C30BFB11}.ReleaseT|Win32.ActiveCfg = Release|Win32
		{8A2E028B-6E13-4E8A-B0F5-9A58C30BFB11}.ReleaseT|Win32.Build.0 = Release|Win32
		{B49639EA-4A66-4DFC-B48D-00A3D4D0F2A8}.Debug|Win32.ActiveCfg = Debug|Win32
		{B49639EA-4A66-4DFC-B48D-00A3D4D0F2A8}.Debug|Win32.Build.0 = Debug|Win32
		{B49639EA-4A66-4DFC-B48D-00A3D4D0F2A8}.Release|Win32.ActiveCfg = Release|Win32
		{B49639EA-4A66-4DFC-B48D-00A3D4D0F2A8}.Release|Win32.Build.0 = Release|Win32
		{B49639EA-4A66-4DFC-B48D-00A3D4D0F2A8}.ReleaseT|Win32.ActiveCfg = Release|Win32
		{B49639EA-4A66-4DFC-B48D-00A3D4D0F2A8}.ReleaseT|Win32.Build.0 = Release|Win32
		{277CD59E-4109-4D5F-AF64-6E37FFBC442E}.Debug|Win32.ActiveCfg = Debug|Win32
		{277CD59E-4109-4D5F-AF64-6E37FFBC442E}.Debug|Win32.Build.0 = Debug|Win32
		{277CD59E-4109-4D5F-AF64-6E37FFBC442E}.Release|Win32.ActiveCfg = Release|Win32
		{277CD59E-4109-4D5F-AF64-6E37FFBC442E}.Release|Win32.Build.0 = Release|Win32
		{277CD59E-4109-4D5F-AF64-6E37FFBC442E}.ReleaseT|Win32.ActiveCfg = Release|Win32
		{277CD59E-4109-4D5F-AF64-6E37FFBC442E}.ReleaseT|Win32.Build.0 = Release|Win32
		{032C2FF5-C09A-4CBA-9A49-518D291E7E02}.Debug|Win32.ActiveCfg = Debug|Win32
		{032C2FF5-C09A-4CBA-9A49-518D291E7E02}.Debug|Win32.Build.0 = Debug|Win32
		{032C2FF5-C09A-4CBA-9A49-518D291E7E02}.Release|Win32.ActiveCfg = Release|Win32
		{032C2FF5-C09A-4CBA-9A49-518D291E7E02}.Release|Win32.Build.0 = Release|Win32
		{032C2FF5-C09A-4CBA-9A49-518D291E7E02}.ReleaseT|Win32.ActiveCfg = Release|Win32
		{032C2FF5-C09A-4CBA-9A49-518D291E7E02}.ReleaseT|Win32.Build.0 = Release|Win32
		{8F896639-AAEE-4533-B5BD-4C44E1C4A6C7}.Debug|Win32.ActiveCfg = Debug|Win32
		{8F896639-AAEE-4533-B5BD-4C44E1C4A6C7}.Debug|Win32.Build.0 = Debug|Win32
		{8F896639-AAEE-4533-B5BD-4C44E1C4A6C7}.Release|Win32.ActiveCfg = Release|Win32
		{8F896639-AAEE-4533-B5BD-4C44E1C4A6C7}.Release|Win32.Build.0 = Release|Win32
		{8F896639-AAEE-4533-B5BD-4C44E1C4A6C7}.ReleaseT|Win32.ActiveCfg = Release|Win32
		{8F896639-AAEE-4533-B5BD-4C44E1C4A6C7}.ReleaseT|Win32.Build.0 = Release|Win32
		{0412953E-06CE-4A60-9DCD-CA5CAC3A46CC}.Debug|Win32.ActiveCfg = Debug|Win32
		{0412953E-06CE-4A60-9DCD-CA5CAC3A46CC}.Debug|Win32.Build.0 = Debug|Win32
		{0412953E-06CE-4A60-9DCD-CA5CAC3A46CC}.Release|Win32.ActiveCfg = Release|Win32
		{0412953E-06CE-4A60-9DCD-CA5CAC3A46CC}.Release|Win32.Build.0 = Release|Win32
		{0412953E-06CE-4A60-9DCD-CA5CAC3A46CC}.ReleaseT|Win32.ActiveCfg = Release|Win32
		{0412953E-06CE-4A60-9DCD-CA5CAC3A46CC}.ReleaseT|Win32.Build.0 = Release|Win32
		{EAFA3E0D-5B34-43A3-A08A-B5E3839BF66A}.Debug|Win32.ActiveCfg = Debug|Win32
		{EAFA3E0D-5B34-43A3-A08A-B5E3839BF66A}.Debug|Win32.Build.0 = Debug|Win32
		{EAFA3E0D-5B34-43A3-A08A-B5E3839BF66A}.Release|Win32.ActiveCfg = Release|Win32
		{EAFA3E0D-5B34-43A3-A08A-B5E3839BF66A}.Release|Win32.Build.0 = Release|Win32
		{EAFA3E0D-5B34-43A3-A08A-B5E3839BF66A}.ReleaseT|Win32.ActiveCfg = Release|Win32
		{EAFA3E0D-5B34-43A3-A08A-B5E3839BF66A}.ReleaseT|Win32.Build.0 = Release|Win32
		{D3C6D6B7-CD38-4D49-9BA7-1FBB35F77223}.Debug|Win32.ActiveCfg = Debug|Win32
		{D3C6D6B7-CD38-4D49-9BA7-1FBB35F77223}.Debug|Win32.Build.0 = Debug|Win32
		{D3C6D6B7-CD38-4D49-9BA7-1FBB35F77223}.Release|Win32.ActiveCfg = Release|Win32
		{D3C6D6B7-CD38-4D49-9BA7-1FBB35F77223}.Release|Win32.Build.0 = Release|Win32
		{D3C6D6B7-CD38-4D49-9BA7-1FBB35F77223}.ReleaseT|Win32.ActiveCfg = Release|Win32
		{D3C6D6B7-CD38-4D49-9BA7-1FBB35F77223}.ReleaseT|Win32.Build.0 = Release|Win32
		{001E0D42-4AF4-44B8-A8B2-3CD46D537DBE}.Debug|Win32.ActiveCfg = Debug|Win32
		{001E0D42-4AF4-44B8-A8B2-3CD46D537DBE}.Debug|Win32.Build.0 = Debug|Win32
		{001E0D42-4AF4-44B8-A8B2-3CD46D537DBE}.Release|Win32.ActiveCfg = Release|Win32
		{001E0D42-4AF4-44B8-A8B2-3CD46D537DBE}.Release|Win32.Build.0 = Release|Win32
		{001E0D42-4AF4-44B8-A8B2-3CD46D537DBE}.ReleaseT|Win32.ActiveCfg = Release|Win32
		{001E0D42-4AF4-44B8-A8B2-3CD46D537DBE}.ReleaseT|Win32.Build.0 = Release|Win32
		{2297FA81-6D9D-4DC3-BA42-04E93F397047}.Debug|Win32.ActiveCfg = Debug|Win32
		{2297FA81-6D9D-4DC3-BA42-04E93F397047}.Debug|Win32.Build.0 = Debug|Win32
		{2297FA81-6D9D-4DC3-BA42-04E93F397047}.Release|Win32.ActiveCfg = Release|Win32
		{2297FA81-6D9D-4DC3-BA42-04E93F397047}.Release|Win32.Build.0 = Release|Win32
		{2297FA81-6D9D-4DC3-BA42-04E93F397047}.ReleaseT|Win32.ActiveCfg = Release|Win32
		{2297FA81-6D9D-4DC3-BA42-04E93F397047}.ReleaseT|Win32.Build.0 = Release|Win32
	EndGlobalSection
	GlobalSection(SolutionProperties) = preSolution
		HideSolutionNode = FALSE
	EndGlobalSection
	GlobalSection(NestedProjects) = preSolution
		{B49639EA-4A66-4DFC-B48D-00A3D4D0F2A8} = {D3E5925D-0622-4133-A0F3-83B21EE94D22}
		{277CD59E-4109-4D5F-AF64-6E37FFBC442E} = {D3E5925D-0622-4133-A0F3-83B21EE94D22}
		{D81936BB-D671-45ED-A4F5-B673924730F7} = {D3E5925D-0622-4133-A0F3-83B21EE94D22}
		{2297FA81-6D9D-4DC3-BA42-04E93F397047} = {2427E9A6-A083-4280-A48D-270F68E12D27}
		{001E0D42-4AF4-44B8-A8B2-3CD46D537DBE} = {2427E9A6-A083-4280-A48D-270F68E12D27}
		{D3C6D6B7-CD38-4D49-9BA7-1FBB35F77223} = {2427E9A6-A083-4280-A48D-270F68E12D27}
		{EAFA3E0D-5B34-43A3-A08A-B5E3839BF66A} = {2427E9A6-A083-4280-A48D-270F68E12D27}
		{0412953E-06CE-4A60-9DCD-CA5CAC3A46CC} = {2427E9A6-A083-4280-A48D-270F68E12D27}
		{8A2E028B-6E13-4E8A-B0F5-9A58C30BFB11} = {2427E9A6-A083-4280-A48D-270F68E12D27}
	EndGlobalSection
EndGlobal
